// !$*UTF8*$!
{ archiveVersion = 1; classes = {}; objectVersion = 56; objects = {
000000000000000000000064 = {isa = PBXFileReference; lastKnownFileType = sourcecode.swift; path = DotPreferences.swift; sourceTree = "<group>"; };
0000000000000000000000C8 = {isa = PBXBuildFile; fileRef = 000000000000000000000064; };
000000000000000000000065 = {isa = PBXFileReference; lastKnownFileType = sourcecode.swift; path = DuoIcon.swift; sourceTree = "<group>"; };
0000000000000000000000C9 = {isa = PBXBuildFile; fileRef = 000000000000000000000065; };
000000000000000000000066 = {isa = PBXFileReference; lastKnownFileType = sourcecode.swift; path = FocusFilter.swift; sourceTree = "<group>"; };
0000000000000000000000CA = {isa = PBXBuildFile; fileRef = 000000000000000000000066; };
000000000000000000000067 = {isa = PBXFileReference; lastKnownFileType = sourcecode.swift; path = IconMotion.swift; sourceTree = "<group>"; };
0000000000000000000000CB = {isa = PBXBuildFile; fileRef = 000000000000000000000067; };
000000000000000000000068 = {isa = PBXFileReference; lastKnownFileType = sourcecode.swift; path = SettingsController.swift; sourceTree = "<group>"; };
0000000000000000000000CC = {isa = PBXBuildFile; fileRef = 000000000000000000000068; };
000000000000000000000069 = {isa = PBXFileReference; lastKnownFileType = sourcecode.swift; path = StatusIconView.swift; sourceTree = "<group>"; };
0000000000000000000000CD = {isa = PBXBuildFile; fileRef = 000000000000000000000069; };
00000000000000000000006A = {isa = PBXFileReference; lastKnownFileType = sourcecode.swift; path = StatusModel.swift; sourceTree = "<group>"; };
0000000000000000000000CE = {isa = PBXBuildFile; fileRef = 00000000000000000000006A; };
00000000000000000000006B = {isa = PBXFileReference; lastKnownFileType = sourcecode.swift; path = StatusPanel.swift; sourceTree = "<group>"; };
0000000000000000000000CF = {isa = PBXBuildFile; fileRef = 00000000000000000000006B; };
00000000000000000000006C = {isa = PBXFileReference; lastKnownFileType = sourcecode.swift; path = SystemMonitor.swift; sourceTree = "<group>"; };
0000000000000000000000D0 = {isa = PBXBuildFile; fileRef = 00000000000000000000006C; };
00000000000000000000006D = {isa = PBXFileReference; lastKnownFileType = sourcecode.swift; path = SystemReaders.swift; sourceTree = "<group>"; };
0000000000000000000000D1 = {isa = PBXBuildFile; fileRef = 00000000000000000000006D; };
00000000000000000000006E = {isa = PBXFileReference; lastKnownFileType = sourcecode.swift; path = SystemSettings.swift; sourceTree = "<group>"; };
0000000000000000000000D2 = {isa = PBXBuildFile; fileRef = 00000000000000000000006E; };
00000000000000000000006F = {isa = PBXFileReference; lastKnownFileType = sourcecode.swift; path = TunnelRoutes.swift; sourceTree = "<group>"; };
0000000000000000000000D3 = {isa = PBXBuildFile; fileRef = 00000000000000000000006F; };
000000000000000000000070 = {isa = PBXFileReference; lastKnownFileType = sourcecode.swift; path = main.swift; sourceTree = "<group>"; };
0000000000000000000000D4 = {isa = PBXBuildFile; fileRef = 000000000000000000000070; };
000000000000000000000001 = {isa = PBXProject; buildConfigurationList = 00000000000000000000000A; compatibilityVersion = "Xcode 14.0"; developmentRegion = zh_CN; knownRegions = (zh_CN, en, Base); mainGroup = 000000000000000000000002; productRefGroup = 000000000000000000000004; projectDirPath = ""; projectRoot = ""; targets = (000000000000000000000005); };
000000000000000000000002 = {isa = PBXGroup; children = (000000000000000000000003, 000000000000000000000006, 000000000000000000000004); sourceTree = "<group>"; };
000000000000000000000003 = {isa = PBXGroup; children = (000000000000000000000064, 000000000000000000000065, 000000000000000000000066, 000000000000000000000067, 000000000000000000000068, 000000000000000000000069, 00000000000000000000006A, 00000000000000000000006B, 00000000000000000000006C, 00000000000000000000006D, 00000000000000000000006E, 00000000000000000000006F, 000000000000000000000070); path = Sources; sourceTree = "<group>"; };
000000000000000000000004 = {isa = PBXGroup; children = (000000000000000000000007); name = Products; sourceTree = "<group>"; };
000000000000000000000005 = {isa = PBXNativeTarget; buildConfigurationList = 00000000000000000000000B; buildPhases = (000000000000000000000008, 000000000000000000000009); buildRules = (); dependencies = (); name = DuoBar; productName = DuoBar; productReference = 000000000000000000000007; productType = "com.apple.product-type.application"; };
000000000000000000000006 = {isa = PBXFileReference; lastKnownFileType = image.icns; path = Resources/AppIcon.icns; sourceTree = "<group>"; };
000000000000000000000007 = {isa = PBXFileReference; explicitFileType = wrapper.application; includeInIndex = 0; path = DuoBar.app; sourceTree = BUILT_PRODUCTS_DIR; };
000000000000000000000008 = {isa = PBXSourcesBuildPhase; buildActionMask = 2147483647; files = (0000000000000000000000C8, 0000000000000000000000C9, 0000000000000000000000CA, 0000000000000000000000CB, 0000000000000000000000CC, 0000000000000000000000CD, 0000000000000000000000CE, 0000000000000000000000CF, 0000000000000000000000D0, 0000000000000000000000D1, 0000000000000000000000D2, 0000000000000000000000D3, 0000000000000000000000D4); runOnlyForDeploymentPostprocessing = 0; };
000000000000000000000009 = {isa = PBXResourcesBuildPhase; buildActionMask = 2147483647; files = (00000000000000000000000C); runOnlyForDeploymentPostprocessing = 0; };
00000000000000000000000A = {isa = XCConfigurationList; buildConfigurations = (00000000000000000000000D); defaultConfigurationIsVisible = 0; defaultConfigurationName = Release; };
00000000000000000000000B = {isa = XCConfigurationList; buildConfigurations = (00000000000000000000000E); defaultConfigurationIsVisible = 0; defaultConfigurationName = Release; };
00000000000000000000000C = {isa = PBXBuildFile; fileRef = 000000000000000000000006; };
00000000000000000000000D = {isa = XCBuildConfiguration; name = Release; buildSettings = { SDKROOT = macosx; MACOSX_DEPLOYMENT_TARGET = 13.0; SWIFT_VERSION = 5.0; SWIFT_COMPILATION_MODE = wholemodule; SWIFT_OPTIMIZATION_LEVEL = "-O"; CLANG_ENABLE_MODULES = YES; }; };
00000000000000000000000E = {isa = XCBuildConfiguration; name = Release; buildSettings = { PRODUCT_NAME = DuoBar; PRODUCT_BUNDLE_IDENTIFIER = com.corale.duobar; INFOPLIST_FILE = Resources/Info.plist; GENERATE_INFOPLIST_FILE = NO; CODE_SIGN_STYLE = Manual; CODE_SIGN_IDENTITY = "-"; DEVELOPMENT_TEAM = ""; ARCHS = "arm64 x86_64"; ONLY_ACTIVE_ARCH = NO; COMBINE_HIDPI_IMAGES = YES; SWIFT_EMIT_LOC_STRINGS = NO; ENABLE_HARDENED_RUNTIME = NO; ENABLE_USER_SCRIPT_SANDBOXING = YES; }; };
}; rootObject = 000000000000000000000001; }
